
Microsoft Visual Studio Solution File, Format Version 12.00
# Visual Studio Version 16
VisualStudioVersion = 16.0.31911.196
MinimumVisualStudioVersion = 10.0.40219.1
Project("{FAE04EC0-301F-11D3-BF4B-00C04F79EFBC}") = "Encapsulation", "Encapsulation.csproj", "{0F17AA0D-A9F2-494F-A424-2543C4115845}"
EndProject
Global
	GlobalSection(SolutionConfigurationPlatforms) = preSolution
		Debug|Any CPU = Debug|Any CPU
		Release|Any CPU = Release|Any CPU
	EndGlobalSection
	GlobalSection(ProjectConfigurationPlatforms) = postSolution
		{0F17AA0D-A9F2-494F-A424-2543C4115845}.Debug|Any CPU.ActiveCfg = Debug|Any CPU
		{0F17AA0D-A9F2-494F-A424-2543C4115845}.Debug|Any CPU.Build.0 = Debug|Any CPU
		{0F17AA0D-A9F2-494F-A424-2543C4115845}.Release|Any CPU.ActiveCfg = Release|Any CPU
		{0F17AA0D-A9F2-494F-A424-2543C4115845}.Release|Any CPU.Build.0 = Release|Any CPU
	EndGlobalSection
	GlobalSection(SolutionProperties) = preSolution
		HideSolutionNode = FALSE
	EndGlobalSection
	GlobalSection(ExtensibilityGlobals) = postSolution
		SolutionGuid = {E546C489-7367-44CE-BE6D-4B377344FE9B}
	EndGlobalSection
EndGlobal
